
Microsoft Visual Studio Solution File, Format Version 12.00
# Visual Studio Version 17
VisualStudioVersion = 17.8.34330.188
MinimumVisualStudioVersion = 10.0.40219.1
Project("{8BC9CEB8-8B4A-11D0-8D11-00A0C91BC942}") = "RaycasterGame", "RaycasterGame\RaycasterGame.vcxproj", "{15EAB0A6-4233-4751-B699-125DF629977D}"
EndProject
Global
	GlobalSection(SolutionConfigurationPlatforms) = preSolution
		Debug|x64 = Debug|x64
		Debug|x86 = Debug|x86
		Release|x64 = Release|x64
		Release|x86 = Release|x86
	EndGlobalSection
	GlobalSection(ProjectConfigurationPlatforms) = postSolution
		{15EAB0A6-4233-4751-B699-125DF629977D}.Debug|x64.ActiveCfg = Debug|x64
		{15EAB0A6-4233-4751-B699-125DF629977D}.Debug|x64.Build.0 = Debug|x64
		{15EAB0A6-4233-4751-B699-125DF629977D}.Debug|x86.ActiveCfg = Debug|Win32
		{15EAB0A6-4233-4751-B699-125DF629977D}.Debug|x86.Build.0 = Debug|Win32
		{15EAB0A6-4233-4751-B699-125DF629977D}.Release|x64.ActiveCfg = Release|x64
		{15EAB0A6-4233-4751-B699-125DF629977D}.Release|x64.Build.0 = Release|x64
		{15EAB0A6-4233-4751-B699-125DF629977D}.Release|x86.ActiveCfg = Release|Win32
		{15EAB0A6-4233-4751-B699-125DF629977D}.Release|x86.Build.0 = Release|Win32
	EndGlobalSection
	GlobalSection(SolutionProperties) = preSolution
		HideSolutionNode = FALSE
	EndGlobalSection
	GlobalSection(ExtensibilityGlobals) = postSolution
		SolutionGuid = {9AA43AFC-4830-47A2-A085-3BAEED60234F}
	EndGlobalSection
EndGlobal
